
Microsoft Visual Studio Solution File, Format Version 12.00
# Visual Studio Version 16
VisualStudioVersion = 16.0.30804.86
MinimumVisualStudioVersion = 10.0.40219.1
Project("{FAE04EC0-301F-11D3-BF4B-00C04F79EFBC}") = "7.Array", "7.Array\7.Array.csproj", "{E8B99B7B-6EBF-4CD4-B2CE-354957F3C5AF}"
EndProject
Global
	GlobalSection(SolutionConfigurationPlatforms) = preSolution
		Debug|Any CPU = Debug|Any CPU
		Release|Any CPU = Release|Any CPU
	EndGlobalSection
	GlobalSection(ProjectConfigurationPlatforms) = postSolution
		{E8B99B7B-6EBF-4CD4-B2CE-354957F3C5AF}.Debug|Any CPU.ActiveCfg = Debug|Any CPU
		{E8B99B7B-6EBF-4CD4-B2CE-354957F3C5AF}.Debug|Any CPU.Build.0 = Debug|Any CPU
		{E8B99B7B-6EBF-4CD4-B2CE-354957F3C5AF}.Release|Any CPU.ActiveCfg = Release|Any CPU
		{E8B99B7B-6EBF-4CD4-B2CE-354957F3C5AF}.Release|Any CPU.Build.0 = Release|Any CPU
	EndGlobalSection
	GlobalSection(SolutionProperties) = preSolution
		HideSolutionNode = FALSE
	EndGlobalSection
	GlobalSection(ExtensibilityGlobals) = postSolution
		SolutionGuid = {F3F354CB-BA5F-45BE-9A61-356D515A8382}
	EndGlobalSection
EndGlobal
